{
    "_readme": [
        "This file locks the dependencies of your project to a known state",
        "Read more about it at https://getcomposer.org/doc/01-basic-usage.md#installing-dependencies",
        "This file is @generated automatically"
    ],
    "content-hash": "f2aa6542f5b6f04e374f91863e81b0c1",
    "packages": [
        {
            "name": "davidanderson684/simba-plugin-manager-updater",
            "version": "v1.5.7",
            "source": {
                "type": "git",
                "url": "https://github.com/DavidAnderson684/simba-plugin-manager-updater.git",
                "reference": "a281b85e2852dd8223b93dad0feec811fb326160"
            },
            "dist": {
                "type": "zip",
                "url": "https://api.github.com/repos/DavidAnderson684/simba-plugin-manager-updater/zipball/a281b85e2852dd8223b93dad0feec811fb326160",
                "reference": "a281b85e2852dd8223b93dad0feec811fb326160",
                "shasum": ""
            },
            "require": {
                "yahnis-elsts/plugin-update-checker": "4.4.*"
            },
            "type": "library",
            "notification-url": "https://packagist.org/downloads/",
            "description": "This class is an updates checker and UI for WordPress plugins that are hosted using the Simba Plugin Manager plugin",
            "time": "2018-10-31T11:03:33+00:00"
        },
        {
            "name": "yahnis-elsts/plugin-update-checker",
            "version": "v4.4",
            "source": {
                "type": "git",
                "url": "https://github.com/YahnisElsts/plugin-update-checker.git",
                "reference": "da4286343601e1f5c01836e1d51e1c57cedb0f6d"
            },
            "dist": {
                "type": "zip",
                "url": "https://api.github.com/repos/YahnisElsts/plugin-update-checker/zipball/da4286343601e1f5c01836e1d51e1c57cedb0f6d",
                "reference": "da4286343601e1f5c01836e1d51e1c57cedb0f6d",
                "shasum": ""
            },
            "require": {
                "php": ">=5.2.0"
            },
            "type": "library",
            "autoload": {
                "files": [
                    "plugin-update-checker.php"
                ]
            },
            "notification-url": "https://packagist.org/downloads/",
            "license": [
                "MIT"
            ],
            "authors": [
                {
                    "name": "Yahnis Elsts",
                    "email": "whiteshadow@w-shadow.com",
                    "homepage": "http://w-shadow.com/",
                    "role": "Developer"
                }
            ],
            "description": "A custom update checker for WordPress plugins and themes. Useful if you can't host your plugin in the official WP repository but still want it to support automatic updates.",
            "homepage": "https://github.com/YahnisElsts/plugin-update-checker/",
            "keywords": [
                "automatic updates",
                "plugin updates",
                "theme updates",
                "wordpress"
            ],
            "time": "2017-12-22T10:39:11+00:00"
        }
    ],
    "packages-dev": [],
    "aliases": [],
    "minimum-stability": "stable",
    "stability-flags": [],
    "prefer-stable": false,
    "prefer-lowest": false,
    "platform": [],
    "platform-dev": []
}
